// !$*UTF8*$!
{
	archiveVersion = 1;
	classes = {
	};
	objectVersion = 56;
	objects = {

/* Begin PBXBuildFile section */
		40AAF27D2CAA76D300065E41 /* DesignApp.swift in Sources */ = {isa = PBXBuildFile; fileRef = 40AAF27C2CAA76D300065E41 /* DesignApp.swift */; };
		40AAF27F2CAA76D300065E41 /* ContentView.swift in Sources */ = {isa = PBXBuildFile; fileRef = 40AAF27E2CAA76D300065E41 /* ContentView.swift */; };
		40AAF2812CAA76D400065E41 /* Assets.xcassets in Resources */ = {isa = PBXBuildFile; fileRef = 40AAF2802CAA76D400065E41 /* Assets.xcassets */; };
		40AAF2842CAA76D400065E41 /* Preview Assets.xcassets in Resources */ = {isa = PBXBuildFile; fileRef = 40AAF2832CAA76D400065E41 /* Preview Assets.xcassets */; };
		40AAF28E2CAA76D500065E41 /* DesignTests.swift in Sources */ = {isa = PBXBuildFile; fileRef = 40AAF28D2CAA76D500065E41 /* DesignTests.swift */; };
		40AAF2982CAA76D500065E41 /* DesignUITests.swift in Sources */ = {isa = PBXBuildFile; fileRef = 40AAF2972CAA76D500065E41 /* DesignUITests.swift */; };
		40AAF29A2CAA76D500065E41 /* DesignUITestsLaunchTests.swift in Sources */ = {isa = PBXBuildFile; fileRef = 40AAF2992CAA76D500065E41 /* DesignUITestsLaunchTests.swift */; };
/* End PBXBuildFile section */

/* Begin PBXContainerItemProxy section */
		40AAF28A2CAA76D500065E41 /* PBXContainerItemProxy */ = {
			isa = PBXContainerItemProxy;
			containerPortal = 40AAF2712CAA76D300065E41 /* Project object */;
			proxyType = 1;
			remoteGlobalIDString = 40AAF2782CAA76D300065E41;
			remoteInfo = Design;
		};
		40AAF2942CAA76D500065E41 /* PBXContainerItemProxy */ = {
			isa = PBXContainerItemProxy;
			containerPortal = 40AAF2712CAA76D300065E41 /* Project object */;
			proxyType = 1;
			remoteGlobalIDString = 40AAF2782CAA76D300065E41;
			remoteInfo = Design;
		};
/* End PBXContainerItemProxy section */

/* Begin PBXFileReference section */
		40AAF2792CAA76D300065E41 /* Design.app */ = {isa = PBXFileReference; explicitFileType = wrapper.application; includeInIndex = 0; path = Design.app; sourceTree = BUILT_PRODUCTS_DIR; };
		40AAF27C2CAA76D300065E41 /* DesignApp.swift */ = {isa = PBXFileReference; lastKnownFileType = sourcecode.swift; path = DesignApp.swift; sourceTree = "<group>"; };
		40AAF27E2CAA76D300065E41 /* ContentView.swift */ = {isa = PBXFileReference; lastKnownFileType = sourcecode.swift; path = ContentView.swift; sourceTree = "<group>"; };
		40AAF2802CAA76D400065E41 /* Assets.xcassets */ = {isa = PBXFileReference; lastKnownFileType = folder.assetcatalog; path = Assets.xcassets; sourceTree = "<group>"; };
		40AAF2832CAA76D400065E41 /* Preview Assets.xcassets */ = {isa = PBXFileReference; lastKnownFileType = folder.assetcatalog; path = "Preview Assets.xcassets"; sourceTree = "<group>"; };
		40AAF2892CAA76D500065E41 /* DesignTests.xctest */ = {isa = PBXFileReference; explicitFileType = wrapper.cfbundle; includeInIndex = 0; path = DesignTests.xctest; sourceTree = BUILT_PRODUCTS_DIR; };
		40AAF28D2CAA76D500065E41 /* DesignTests.swift */ = {isa = PBXFileReference; lastKnownFileType = sourcecode.swift; path = DesignTests.swift; sourceTree = "<group>"; };
		40AAF2932CAA76D500065E41 /* DesignUITests.xctest */ = {isa = PBXFileReference; explicitFileType = wrapper.cfbundle; includeInIndex = 0; path = DesignUITests.xctest; sourceTree = BUILT_PRODUCTS_DIR; };
		40AAF2972CAA76D500065E41 /* DesignUITests.swift */ = {isa = PBXFileReference; lastKnownFileType = sourcecode.swift; path = DesignUITests.swift; sourceTree = "<group>"; };
		40AAF2992CAA76D500065E41 /* DesignUITestsLaunchTests.swift */ = {isa = PBXFileReference; lastKnownFileType = sourcecode.swift; path = DesignUITestsLaunchTests.swift; sourceTree = "<group>"; };
/* End PBXFileReference section */

/* Begin PBXFrameworksBuildPhase section */
		40AAF2762CAA76D300065E41 /* Frameworks */ = {
			isa = PBXFrameworksBuildPhase;
			buildActionMask = 2147483647;
			files = (
			);
			runOnlyForDeploymentPostprocessing = 0;
		};
		40AAF2862CAA76D500065E41 /* Frameworks */ = {
			isa = PBXFrameworksBuildPhase;
			buildActionMask = 2147483647;
			files = (
			);
			runOnlyForDeploymentPostprocessing = 0;
		};
		40AAF2902CAA76D500065E41 /* Frameworks */ = {
			isa = PBXFrameworksBuildPhase;
			buildActionMask = 2147483647;
			files = (
			);
			runOnlyForDeploymentPostprocessing = 0;
		};
/* End PBXFrameworksBuildPhase section */

/* Begin PBXGroup section */
		40AAF2702CAA76D300065E41 = {
			isa = PBXGroup;
			children = (
				40AAF27B2CAA76D300065E41 /* Design */,
				40AAF28C2CAA76D500065E41 /* DesignTests */,
				40AAF2962CAA76D500065E41 /* DesignUITests */,
				40AAF27A2CAA76D300065E41 /* Products */,
			);
			sourceTree = "<group>";
		};
		40AAF27A2CAA76D300065E41 /* Products */ = {
			isa = PBXGroup;
			children = (
				40AAF2792CAA76D300065E41 /* Design.app */,
				40AAF2892CAA76D500065E41 /* DesignTests.xctest */,
				40AAF2932CAA76D500065E41 /* DesignUITests.xctest */,
			);
			name = Products;
			sourceTree = "<group>";
		};
		40AAF27B2CAA76D300065E41 /* Design */ = {
			isa = PBXGroup;
			children = (
				40AAF27C2CAA76D300065E41 /* DesignApp.swift */,
				40AAF27E2CAA76D300065E41 /* ContentView.swift */,
				40AAF2802CAA76D400065E41 /* Assets.xcassets */,
				40AAF2822CAA76D400065E41 /* Preview Content */,
			);
			path = Design;
			sourceTree = "<group>";
		};
		40AAF2822CAA76D400065E41 /* Preview Content */ = {
			isa = PBXGroup;
			children = (
				40AAF2832CAA76D400065E41 /* Preview Assets.xcassets */,
			);
			path = "Preview Content";
			sourceTree = "<group>";
		};
		40AAF28C2CAA76D500065E41 /* DesignTests */ = {
			isa = PBXGroup;
			children = (
				40AAF28D2CAA76D500065E41 /* DesignTests.swift */,
			);
			path = DesignTests;
			sourceTree = "<group>";
		};
		40AAF2962CAA76D500065E41 /* DesignUITests */ = {
			isa = PBXGroup;
			children = (
				40AAF2972CAA76D500065E41 /* DesignUITests.swift */,
				40AAF2992CAA76D500065E41 /* DesignUITestsLaunchTests.swift */,
			);
			path = DesignUITests;
			sourceTree = "<group>";
		};
/* End PBXGroup section */

/* Begin PBXNativeTarget section */
		40AAF2782CAA76D300065E41 /* Design */ = {
			isa = PBXNativeTarget;
			buildConfigurationList = 40AAF29D2CAA76D500065E41 /* Build configuration list for PBXNativeTarget "Design" */;
			buildPhases = (
				40AAF2752CAA76D300065E41 /* Sources */,
				40AAF2762CAA76D300065E41 /* Frameworks */,
				40AAF2772CAA76D300065E41 /* Resources */,
			);
			buildRules = (
			);
			dependencies = (
			);
			name = Design;
			productName = Design;
			productReference = 40AAF2792CAA76D300065E41 /* Design.app */;
			productType = "com.apple.product-type.application";
		};
		40AAF2882CAA76D500065E41 /* DesignTests */ = {
			isa = PBXNativeTarget;
			buildConfigurationList = 40AAF2A02CAA76D500065E41 /* Build configuration list for PBXNativeTarget "DesignTests" */;
			buildPhases = (
				40AAF2852CAA76D500065E41 /* Sources */,
				40AAF2862CAA76D500065E41 /* Frameworks */,
				40AAF2872CAA76D500065E41 /* Resources */,
			);
			buildRules = (
			);
			dependencies = (
				40AAF28B2CAA76D500065E41 /* PBXTargetDependency */,
			);
			name = DesignTests;
			productName = DesignTests;
			productReference = 40AAF2892CAA76D500065E41 /* DesignTests.xctest */;
			productType = "com.apple.product-type.bundle.unit-test";
		};
		40AAF2922CAA76D500065E41 /* DesignUITests */ = {
			isa = PBXNativeTarget;
			buildConfigurationList = 40AAF2A32CAA76D500065E41 /* Build configuration list for PBXNativeTarget "DesignUITests" */;
			buildPhases = (
				40AAF28F2CAA76D500065E41 /* Sources */,
				40AAF2902CAA76D500065E41 /* Frameworks */,
				40AAF2912CAA76D500065E41 /* Resources */,
			);
			buildRules = (
			);
			dependencies = (
				40AAF2952CAA76D500065E41 /* PBXTargetDependency */,
			);
			name = DesignUITests;
			productName = DesignUITests;
			productReference = 40AAF2932CAA76D500065E41 /* DesignUITests.xctest */;
			productType = "com.apple.product-type.bundle.ui-testing";
		};
/* End PBXNativeTarget section */

/* Begin PBXProject section */
		40AAF2712CAA76D300065E41 /* Project object */ = {
			isa = PBXProject;
			attributes = {
				BuildIndependentTargetsInParallel = 1;
				LastSwiftUpdateCheck = 1530;
				LastUpgradeCheck = 1530;
				TargetAttributes = {
					40AAF2782CAA76D300065E41 = {
						CreatedOnToolsVersion = 15.3;
					};
					40AAF2882CAA76D500065E41 = {
						CreatedOnToolsVersion = 15.3;
						TestTargetID = 40AAF2782CAA76D300065E41;
					};
					40AAF2922CAA76D500065E41 = {
						CreatedOnToolsVersion = 15.3;
						TestTargetID = 40AAF2782CAA76D300065E41;
					};
				};
			};
			buildConfigurationList = 40AAF2742CAA76D300065E41 /* Build configuration list for PBXProject "Design" */;
			compatibilityVersion = "Xcode 14.0";
			developmentRegion = en;
			hasScannedForEncodings = 0;
			knownRegions = (
				en,
				Base,
			);
			mainGroup = 40AAF2702CAA76D300065E41;
			productRefGroup = 40AAF27A2CAA76D300065E41 /* Products */;
			projectDirPath = "";
			projectRoot = "";
			targets = (
				40AAF2782CAA76D300065E41 /* Design */,
				40AAF2882CAA76D500065E41 /* DesignTests */,
				40AAF2922CAA76D500065E41 /* DesignUITests */,
			);
		};
/* End PBXProject section */

/* Begin PBXResourcesBuildPhase section */
		40AAF2772CAA76D300065E41 /* Resources */ = {
			isa = PBXResourcesBuildPhase;
			buildActionMask = 2147483647;
			files = (
				40AAF2842CAA76D400065E41 /* Preview Assets.xcassets in Resources */,
				40AAF2812CAA76D400065E41 /* Assets.xcassets in Resources */,
			);
			runOnlyForDeploymentPostprocessing = 0;
		};
		40AAF2872CAA76D500065E41 /* Resources */ = {
			isa = PBXResourcesBuildPhase;
			buildActionMask = 2147483647;
			files = (
			);
			runOnlyForDeploymentPostprocessing = 0;
		};
		40AAF2912CAA76D500065E41 /* Resources */ = {
			isa = PBXResourcesBuildPhase;
			buildActionMask = 2147483647;
			files = (
			);
			runOnlyForDeploymentPostprocessing = 0;
		};
/* End PBXResourcesBuildPhase section */

/* Begin PBXSourcesBuildPhase section */
		40AAF2752CAA76D300065E41 /* Sources */ = {
			isa = PBXSourcesBuildPhase;
			buildActionMask = 2147483647;
			files = (
				40AAF27F2CAA76D300065E41 /* ContentView.swift in Sources */,
				40AAF27D2CAA76D300065E41 /* DesignApp.swift in Sources */,
			);
			runOnlyForDeploymentPostprocessing = 0;
		};
		40AAF2852CAA76D500065E41 /* Sources */ = {
			isa = PBXSourcesBuildPhase;
			buildActionMask = 2147483647;
			files = (
				40AAF28E2CAA76D500065E41 /* DesignTests.swift in Sources */,
			);
			runOnlyForDeploymentPostprocessing = 0;
		};
		40AAF28F2CAA76D500065E41 /* Sources */ = {
			isa = PBXSourcesBuildPhase;
			buildActionMask = 2147483647;
			files = (
				40AAF29A2CAA76D500065E41 /* DesignUITestsLaunchTests.swift in Sources */,
				40AAF2982CAA76D500065E41 /* DesignUITests.swift in Sources */,
			);
			runOnlyForDeploymentPostprocessing = 0;
		};
/* End PBXSourcesBuildPhase section */

/* Begin PBXTargetDependency section */
		40AAF28B2CAA76D500065E41 /* PBXTargetDependency */ = {
			isa = PBXTargetDependency;
			target = 40AAF2782CAA76D300065E41 /* Design */;
			targetProxy = 40AAF28A2CAA76D500065E41 /* PBXContainerItemProxy */;
		};
		40AAF2952CAA76D500065E41 /* PBXTargetDependency */ = {
			isa = PBXTargetDependency;
			target = 40AAF2782CAA76D300065E41 /* Design */;
			targetProxy = 40AAF2942CAA76D500065E41 /* PBXContainerItemProxy */;
		};
/* End PBXTargetDependency section */

/* Begin XCBuildConfiguration section */
		40AAF29B2CAA76D500065E41 /* Debug */ = {
			isa = XCBuildConfiguration;
			buildSettings = {
				ALWAYS_SEARCH_USER_PATHS = NO;
				ASSETCATALOG_COMPILER_GENERATE_SWIFT_ASSET_SYMBOL_EXTENSIONS = YES;
				CLANG_ANALYZER_NONNULL = YES;
				CLANG_ANALYZER_NUMBER_OBJECT_CONVERSION = YES_AGGRESSIVE;
				CLANG_CXX_LANGUAGE_STANDARD = "gnu++20";
				CLANG_ENABLE_MODULES = YES;
				CLANG_ENABLE_OBJC_ARC = YES;
				CLANG_ENABLE_OBJC_WEAK = YES;
				CLANG_WARN_BLOCK_CAPTURE_AUTORELEASING = YES;
				CLANG_WARN_BOOL_CONVERSION = YES;
				CLANG_WARN_COMMA = YES;
				CLANG_WARN_CONSTANT_CONVERSION = YES;
				CLANG_WARN_DEPRECATED_OBJC_IMPLEMENTATIONS = YES;
				CLANG_WARN_DIRECT_OBJC_ISA_USAGE = YES_ERROR;
				CLANG_WARN_DOCUMENTATION_COMMENTS = YES;
				CLANG_WARN_EMPTY_BODY = YES;
				CLANG_WARN_ENUM_CONVERSION = YES;
				CLANG_WARN_INFINITE_RECURSION = YES;
				CLANG_WARN_INT_CONVERSION = YES;
				CLANG_WARN_NON_LITERAL_NULL_CONVERSION = YES;
				CLANG_WARN_OBJC_IMPLICIT_RETAIN_SELF = YES;
				CLANG_WARN_OBJC_LITERAL_CONVERSION = YES;
				CLANG_WARN_OBJC_ROOT_CLASS = YES_ERROR;
				CLANG_WARN_QUOTED_INCLUDE_IN_FRAMEWORK_HEADER = YES;
				CLANG_WARN_RANGE_LOOP_ANALYSIS = YES;
				CLANG_WARN_STRICT_PROTOTYPES = YES;
				CLANG_WARN_SUSPICIOUS_MOVE = YES;
				CLANG_WARN_UNGUARDED_AVAILABILITY = YES_AGGRESSIVE;
				CLANG_WARN_UNREACHABLE_CODE = YES;
				CLANG_WARN__DUPLICATE_METHOD_MATCH = YES;
				COPY_PHASE_STRIP = NO;
				DEBUG_INFORMATION_FORMAT = dwarf;
				ENABLE_STRICT_OBJC_MSGSEND = YES;
				ENABLE_TESTABILITY = YES;
				ENABLE_USER_SCRIPT_SANDBOXING = YES;
				GCC_C_LANGUAGE_STANDARD = gnu17;
				GCC_DYNAMIC_NO_PIC = NO;
				GCC_NO_COMMON_BLOCKS = YES;
				GCC_OPTIMIZATION_LEVEL = 0;
				GCC_PREPROCESSOR_DEFINITIONS = (
					"DEBUG=1",
					"$(inherited)",
				);
				GCC_WARN_64_TO_32_BIT_CONVERSION = YES;
				GCC_WARN_ABOUT_RETURN_TYPE = YES_ERROR;
				GCC_WARN_UNDECLARED_SELECTOR = YES;
				GCC_WARN_UNINITIALIZED_AUTOS = YES_AGGRESSIVE;
				GCC_WARN_UNUSED_FUNCTION = YES;
				GCC_WARN_UNUSED_VARIABLE = YES;
				IPHONEOS_DEPLOYMENT_TARGET = 17.4;
				LOCALIZATION_PREFERS_STRING_CATALOGS = YES;
				MTL_ENABLE_DEBUG_INFO = INCLUDE_SOURCE;
				MTL_FAST_MATH = YES;
				ONLY_ACTIVE_ARCH = YES;
				SDKROOT = iphoneos;
				SWIFT_ACTIVE_COMPILATION_CONDITIONS = "DEBUG $(inherited)";
				SWIFT_OPTIMIZATION_LEVEL = "-Onone";
			};
			name = Debug;
		};
		40AAF29C2CAA76D500065E41 /* Release */ = {
			isa = XCBuildConfiguration;
			buildSettings = {
				ALWAYS_SEARCH_USER_PATHS = NO;
				ASSETCATALOG_COMPILER_GENERATE_SWIFT_ASSET_SYMBOL_EXTENSIONS = YES;
				CLANG_ANALYZER_NONNULL = YES;
				CLANG_ANALYZER_NUMBER_OBJECT_CONVERSION = YES_AGGRESSIVE;
				CLANG_CXX_LANGUAGE_STANDARD = "gnu++20";
				CLANG_ENABLE_MODULES = YES;
				CLANG_ENABLE_OBJC_ARC = YES;
				CLANG_ENABLE_OBJC_WEAK = YES;
				CLANG_WARN_BLOCK_CAPTURE_AUTORELEASING = YES;
				CLANG_WARN_BOOL_CONVERSION = YES;
				CLANG_WARN_COMMA = YES;
				CLANG_WARN_CONSTANT_CONVERSION = YES;
				CLANG_WARN_DEPRECATED_OBJC_IMPLEMENTATIONS = YES;
				CLANG_WARN_DIRECT_OBJC_ISA_USAGE = YES_ERROR;
				CLANG_WARN_DOCUMENTATION_COMMENTS = YES;
				CLANG_WARN_EMPTY_BODY = YES;
				CLANG_WARN_ENUM_CONVERSION = YES;
				CLANG_WARN_INFINITE_RECURSION = YES;
				CLANG_WARN_INT_CONVERSION = YES;
				CLANG_WARN_NON_LITERAL_NULL_CONVERSION = YES;
				CLANG_WARN_OBJC_IMPLICIT_RETAIN_SELF = YES;
				CLANG_WARN_OBJC_LITERAL_CONVERSION = YES;
				CLANG_WARN_OBJC_ROOT_CLASS = YES_ERROR;
				CLANG_WARN_QUOTED_INCLUDE_IN_FRAMEWORK_HEADER = YES;
				CLANG_WARN_RANGE_LOOP_ANALYSIS = YES;
				CLANG_WARN_STRICT_PROTOTYPES = YES;
				CLANG_WARN_SUSPICIOUS_MOVE = YES;
				CLANG_WARN_UNGUARDED_AVAILABILITY = YES_AGGRESSIVE;
				CLANG_WARN_UNREACHABLE_CODE = YES;
				CLANG_WARN__DUPLICATE_METHOD_MATCH = YES;
				COPY_PHASE_STRIP = NO;
				DEBUG_INFORMATION_FORMAT = "dwarf-with-dsym";
				ENABLE_NS_ASSERTIONS = NO;
				ENABLE_STRICT_OBJC_MSGSEND = YES;
				ENABLE_USER_SCRIPT_SANDBOXING = YES;
				GCC_C_LANGUAGE_STANDARD = gnu17;
				GCC_NO_COMMON_BLOCKS = YES;
				GCC_WARN_64_TO_32_BIT_CONVERSION = YES;
				GCC_WARN_ABOUT_RETURN_TYPE = YES_ERROR;
				GCC_WARN_UNDECLARED_SELECTOR = YES;
				GCC_WARN_UNINITIALIZED_AUTOS = YES_AGGRESSIVE;
				GCC_WARN_UNUSED_FUNCTION = YES;
				GCC_WARN_UNUSED_VARIABLE = YES;
				IPHONEOS_DEPLOYMENT_TARGET = 17.4;
				LOCALIZATION_PREFERS_STRING_CATALOGS = YES;
				MTL_ENABLE_DEBUG_INFO = NO;
				MTL_FAST_MATH = YES;
				SDKROOT = iphoneos;
				SWIFT_COMPILATION_MODE = wholemodule;
				VALIDATE_PRODUCT = YES;
			};
			name = Release;
		};
		40AAF29E2CAA76D500065E41 /* Debug */ = {
			isa = XCBuildConfiguration;
			buildSettings = {
				ASSETCATALOG_COMPILER_APPICON_NAME = AppIcon;
				ASSETCATALOG_COMPILER_GLOBAL_ACCENT_COLOR_NAME = AccentColor;
				CODE_SIGN_STYLE = Automatic;
				CURRENT_PROJECT_VERSION = 1;
				DEVELOPMENT_ASSET_PATHS = "\"Design/Preview Content\"";
				DEVELOPMENT_TEAM = AS85G6TJA4;
				ENABLE_PREVIEWS = YES;
				GENERATE_INFOPLIST_FILE = YES;
				INFOPLIST_KEY_UIApplicationSceneManifest_Generation = YES;
				INFOPLIST_KEY_UIApplicationSupportsIndirectInputEvents = YES;
				INFOPLIST_KEY_UILaunchScreen_Generation = YES;
				INFOPLIST_KEY_UISupportedInterfaceOrientations_iPad = "UIInterfaceOrientationPortrait UIInterfaceOrientationPortraitUpsideDown UIInterfaceOrientationLandscapeLeft UIInterfaceOrientationLandscapeRight";
				INFOPLIST_KEY_UISupportedInterfaceOrientations_iPhone = "UIInterfaceOrientationPortrait UIInterfaceOrientationLandscapeLeft UIInterfaceOrientationLandscapeRight";
				LD_RUNPATH_SEARCH_PATHS = (
					"$(inherited)",
					"@executable_path/Frameworks",
				);
				MARKETING_VERSION = 1.0;
				PRODUCT_BUNDLE_IDENTIFIER = "atB-Lab.Design";
				PRODUCT_NAME = "$(TARGET_NAME)";
				SWIFT_EMIT_LOC_STRINGS = YES;
				SWIFT_VERSION = 5.0;
				TARGETED_DEVICE_FAMILY = "1,2";
			};
			name = Debug;
		};
		40AAF29F2CAA76D500065E41 /* Release */ = {
			isa = XCBuildConfiguration;
			buildSettings = {
				ASSETCATALOG_COMPILER_APPICON_NAME = AppIcon;
				ASSETCATALOG_COMPILER_GLOBAL_ACCENT_COLOR_NAME = AccentColor;
				CODE_SIGN_STYLE = Automatic;
				CURRENT_PROJECT_VERSION = 1;
				DEVELOPMENT_ASSET_PATHS = "\"Design/Preview Content\"";
				DEVELOPMENT_TEAM = AS85G6TJA4;
				ENABLE_PREVIEWS = YES;
				GENERATE_INFOPLIST_FILE = YES;
				INFOPLIST_KEY_UIApplicationSceneManifest_Generation = YES;
				INFOPLIST_KEY_UIApplicationSupportsIndirectInputEvents = YES;
				INFOPLIST_KEY_UILaunchScreen_Generation = YES;
				INFOPLIST_KEY_UISupportedInterfaceOrientations_iPad = "UIInterfaceOrientationPortrait UIInterfaceOrientationPortraitUpsideDown UIInterfaceOrientationLandscapeLeft UIInterfaceOrientationLandscapeRight";
				INFOPLIST_KEY_UISupportedInterfaceOrientations_iPhone = "UIInterfaceOrientationPortrait UIInterfaceOrientationLandscapeLeft UIInterfaceOrientationLandscapeRight";
				LD_RUNPATH_SEARCH_PATHS = (
					"$(inherited)",
					"@executable_path/Frameworks",
				);
				MARKETING_VERSION = 1.0;
				PRODUCT_BUNDLE_IDENTIFIER = "atB-Lab.Design";
				PRODUCT_NAME = "$(TARGET_NAME)";
				SWIFT_EMIT_LOC_STRINGS = YES;
				SWIFT_VERSION = 5.0;
				TARGETED_DEVICE_FAMILY = "1,2";
			};
			name = Release;
		};
		40AAF2A12CAA76D500065E41 /* Debug */ = {
			isa = XCBuildConfiguration;
			buildSettings = {
				ALWAYS_EMBED_SWIFT_STANDARD_LIBRARIES = YES;
				BUNDLE_LOADER = "$(TEST_HOST)";
				CODE_SIGN_STYLE = Automatic;
				CURRENT_PROJECT_VERSION = 1;
				DEVELOPMENT_TEAM = AS85G6TJA4;
				GENERATE_INFOPLIST_FILE = YES;
				IPHONEOS_DEPLOYMENT_TARGET = 17.4;
				MARKETING_VERSION = 1.0;
				PRODUCT_BUNDLE_IDENTIFIER = "atB-Lab.DesignTests";
				PRODUCT_NAME = "$(TARGET_NAME)";
				SWIFT_EMIT_LOC_STRINGS = NO;
				SWIFT_VERSION = 5.0;
				TARGETED_DEVICE_FAMILY = "1,2";
				TEST_HOST = "$(BUILT_PRODUCTS_DIR)/Design.app/$(BUNDLE_EXECUTABLE_FOLDER_PATH)/Design";
			};
			name = Debug;
		};
		40AAF2A22CAA76D500065E41 /* Release */ = {
			isa = XCBuildConfiguration;
			buildSettings = {
				ALWAYS_EMBED_SWIFT_STANDARD_LIBRARIES = YES;
				BUNDLE_LOADER = "$(TEST_HOST)";
				CODE_SIGN_STYLE = Automatic;
				CURRENT_PROJECT_VERSION = 1;
				DEVELOPMENT_TEAM = AS85G6TJA4;
				GENERATE_INFOPLIST_FILE = YES;
				IPHONEOS_DEPLOYMENT_TARGET = 17.4;
				MARKETING_VERSION = 1.0;
				PRODUCT_BUNDLE_IDENTIFIER = "atB-Lab.DesignTests";
				PRODUCT_NAME = "$(TARGET_NAME)";
				SWIFT_EMIT_LOC_STRINGS = NO;
				SWIFT_VERSION = 5.0;
				TARGETED_DEVICE_FAMILY = "1,2";
				TEST_HOST = "$(BUILT_PRODUCTS_DIR)/Design.app/$(BUNDLE_EXECUTABLE_FOLDER_PATH)/Design";
			};
			name = Release;
		};
		40AAF2A42CAA76D500065E41 /* Debug */ = {
			isa = XCBuildConfiguration;
			buildSettings = {
				ALWAYS_EMBED_SWIFT_STANDARD_LIBRARIES = YES;
				CODE_SIGN_STYLE = Automatic;
				CURRENT_PROJECT_VERSION = 1;
				DEVELOPMENT_TEAM = AS85G6TJA4;
				GENERATE_INFOPLIST_FILE = YES;
				MARKETING_VERSION = 1.0;
				PRODUCT_BUNDLE_IDENTIFIER = "atB-Lab.DesignUITests";
				PRODUCT_NAME = "$(TARGET_NAME)";
				SWIFT_EMIT_LOC_STRINGS = NO;
				SWIFT_VERSION = 5.0;
				TARGETED_DEVICE_FAMILY = "1,2";
				TEST_TARGET_NAME = Design;
			};
			name = Debug;
		};
		40AAF2A52CAA76D500065E41 /* Release */ = {
			isa = XCBuildConfiguration;
			buildSettings = {
				ALWAYS_EMBED_SWIFT_STANDARD_LIBRARIES = YES;
				CODE_SIGN_STYLE = Automatic;
				CURRENT_PROJECT_VERSION = 1;
				DEVELOPMENT_TEAM = AS85G6TJA4;
				GENERATE_INFOPLIST_FILE = YES;
				MARKETING_VERSION = 1.0;
				PRODUCT_BUNDLE_IDENTIFIER = "atB-Lab.DesignUITests";
				PRODUCT_NAME = "$(TARGET_NAME)";
				SWIFT_EMIT_LOC_STRINGS = NO;
				SWIFT_VERSION = 5.0;
				TARGETED_DEVICE_FAMILY = "1,2";
				TEST_TARGET_NAME = Design;
			};
			name = Release;
		};
/* End XCBuildConfiguration section */

/* Begin XCConfigurationList section */
		40AAF2742CAA76D300065E41 /* Build configuration list for PBXProject "Design" */ = {
			isa = XCConfigurationList;
			buildConfigurations = (
				40AAF29B2CAA76D500065E41 /* Debug */,
				40AAF29C2CAA76D500065E41 /* Release */,
			);
			defaultConfigurationIsVisible = 0;
			defaultConfigurationName = Release;
		};
		40AAF29D2CAA76D500065E41 /* Build configuration list for PBXNativeTarget "Design" */ = {
			isa = XCConfigurationList;
			buildConfigurations = (
				40AAF29E2CAA76D500065E41 /* Debug */,
				40AAF29F2CAA76D500065E41 /* Release */,
			);
			defaultConfigurationIsVisible = 0;
			defaultConfigurationName = Release;
		};
		40AAF2A02CAA76D500065E41 /* Build configuration list for PBXNativeTarget "DesignTests" */ = {
			isa = XCConfigurationList;
			buildConfigurations = (
				40AAF2A12CAA76D500065E41 /* Debug */,
				40AAF2A22CAA76D500065E41 /* Release */,
			);
			defaultConfigurationIsVisible = 0;
			defaultConfigurationName = Release;
		};
		40AAF2A32CAA76D500065E41 /* Build configuration list for PBXNativeTarget "DesignUITests" */ = {
			isa = XCConfigurationList;
			buildConfigurations = (
				40AAF2A42CAA76D500065E41 /* Debug */,
				40AAF2A52CAA76D500065E41 /* Release */,
			);
			defaultConfigurationIsVisible = 0;
			defaultConfigurationName = Release;
		};
/* End XCConfigurationList section */
	};
	rootObject = 40AAF2712CAA76D300065E41 /* Project object */;
}
